
Microsoft Visual Studio Solution File, Format Version 12.00
# Visual Studio Version 16
VisualStudioVersion = 16.0.29519.87
MinimumVisualStudioVersion = 10.0.40219.1
Project("{FAE04EC0-301F-11D3-BF4B-00C04F79EFBC}") = "TDD The Money Example", "TDD The Money Example.csproj", "{07FD7EC4-2C3A-4649-9852-B460348FB10B}"
EndProject
Project("{FAE04EC0-301F-11D3-BF4B-00C04F79EFBC}") = "Dollar Testing", "..\Dollar Testing\Dollar Testing.csproj", "{5F2942A8-3BF6-4692-B313-E0AD8F5AACD8}"
EndProject
Global
	GlobalSection(SolutionConfigurationPlatforms) = preSolution
		Debug|Any CPU = Debug|Any CPU
		Release|Any CPU = Release|Any CPU
	EndGlobalSection
	GlobalSection(ProjectConfigurationPlatforms) = postSolution
		{07FD7EC4-2C3A-4649-9852-B460348FB10B}.Debug|Any CPU.ActiveCfg = Debug|Any CPU
		{07FD7EC4-2C3A-4649-9852-B460348FB10B}.Debug|Any CPU.Build.0 = Debug|Any CPU
		{07FD7EC4-2C3A-4649-9852-B460348FB10B}.Release|Any CPU.ActiveCfg = Release|Any CPU
		{07FD7EC4-2C3A-4649-9852-B460348FB10B}.Release|Any CPU.Build.0 = Release|Any CPU
		{5F2942A8-3BF6-4692-B313-E0AD8F5AACD8}.Debug|Any CPU.ActiveCfg = Debug|Any CPU
		{5F2942A8-3BF6-4692-B313-E0AD8F5AACD8}.Debug|Any CPU.Build.0 = Debug|Any CPU
		{5F2942A8-3BF6-4692-B313-E0AD8F5AACD8}.Release|Any CPU.ActiveCfg = Release|Any CPU
		{5F2942A8-3BF6-4692-B313-E0AD8F5AACD8}.Release|Any CPU.Build.0 = Release|Any CPU
	EndGlobalSection
	GlobalSection(SolutionProperties) = preSolution
		HideSolutionNode = FALSE
	EndGlobalSection
	GlobalSection(ExtensibilityGlobals) = postSolution
		SolutionGuid = {2E919B97-7A92-4576-8154-DCA1D3658CAF}
	EndGlobalSection
EndGlobal
