
Microsoft Visual Studio Solution File, Format Version 12.00
# Visual Studio Version 16
VisualStudioVersion = 16.0.29519.87
MinimumVisualStudioVersion = 10.0.40219.1
Project("{9A19103F-16F7-4668-BE54-9A1E7A4F7556}") = "Dollar Testing", "..\..\..\..\code\TDD\Example 1 of 3 The Money Example\Dollar Testing\Dollar Testing.csproj", "{FB02167E-AB7C-4EA3-9298-3DA9C6415319}"
EndProject
Global
	GlobalSection(SolutionConfigurationPlatforms) = preSolution
		Debug|Any CPU = Debug|Any CPU
		Release|Any CPU = Release|Any CPU
	EndGlobalSection
	GlobalSection(ProjectConfigurationPlatforms) = postSolution
		{FB02167E-AB7C-4EA3-9298-3DA9C6415319}.Debug|Any CPU.ActiveCfg = Debug|Any CPU
		{FB02167E-AB7C-4EA3-9298-3DA9C6415319}.Debug|Any CPU.Build.0 = Debug|Any CPU
		{FB02167E-AB7C-4EA3-9298-3DA9C6415319}.Release|Any CPU.ActiveCfg = Release|Any CPU
		{FB02167E-AB7C-4EA3-9298-3DA9C6415319}.Release|Any CPU.Build.0 = Release|Any CPU
	EndGlobalSection
	GlobalSection(SolutionProperties) = preSolution
		HideSolutionNode = FALSE
	EndGlobalSection
	GlobalSection(ExtensibilityGlobals) = postSolution
		SolutionGuid = {95D00256-9B53-4448-B996-A3DB01A38DBF}
	EndGlobalSection
EndGlobal
